
Microsoft Visual Studio Solution File, Format Version 12.00
# Visual Studio Version 16
VisualStudioVersion = 16.0.31702.278
MinimumVisualStudioVersion = 10.0.40219.1
Project("{FAE04EC0-301F-11D3-BF4B-00C04F79EFBC}") = "OnlineShopWebApp", "OnlineShopWebApp\OnlineShopWebApp.csproj", "{F9345401-C009-417C-8026-97E73BBDCC88}"
EndProject
Global
	GlobalSection(SolutionConfigurationPlatforms) = preSolution
		Debug|Any CPU = Debug|Any CPU
		Release|Any CPU = Release|Any CPU
	EndGlobalSection
	GlobalSection(ProjectConfigurationPlatforms) = postSolution
		{F9345401-C009-417C-8026-97E73BBDCC88}.Debug|Any CPU.ActiveCfg = Debug|Any CPU
		{F9345401-C009-417C-8026-97E73BBDCC88}.Debug|Any CPU.Build.0 = Debug|Any CPU
		{F9345401-C009-417C-8026-97E73BBDCC88}.Release|Any CPU.ActiveCfg = Release|Any CPU
		{F9345401-C009-417C-8026-97E73BBDCC88}.Release|Any CPU.Build.0 = Release|Any CPU
	EndGlobalSection
	GlobalSection(SolutionProperties) = preSolution
		HideSolutionNode = FALSE
	EndGlobalSection
	GlobalSection(ExtensibilityGlobals) = postSolution
		SolutionGuid = {03F63DA9-230D-4381-88A9-1FC95A4E774F}
	EndGlobalSection
EndGlobal
